// !$*UTF8*$!
{
	archiveVersion = 1;
	classes = {
	};
	objectVersion = 77;
	objects = {

/* Begin PBXBuildFile section */
		2A8FAA4DE8F86358E1C083D3 /* Localizable.xcstrings in Resources */ = {isa = PBXBuildFile; fileRef = 490F39DA27F8967A83114754 /* Localizable.xcstrings */; };
		3FDD0285687CAEA6E170EAC6 /* TanzakuApp.swift in Sources */ = {isa = PBXBuildFile; fileRef = 8A6FB295041B82E946869DF6 /* TanzakuApp.swift */; };
		6A24AB34013694067A252965 /* ContentView.swift in Sources */ = {isa = PBXBuildFile; fileRef = 4D7F3E4155C140F2DBB11F25 /* ContentView.swift */; };
		7A1000000000000000000001 /* TanzakuiOSApp.swift in Sources */ = {isa = PBXBuildFile; fileRef = 7A1000000000000000000011 /* TanzakuiOSApp.swift */; };
		7A1000000000000000000002 /* TanzakuKit in Frameworks */ = {isa = PBXBuildFile; productRef = 7A1000000000000000000081 /* TanzakuKit */; };
		7A1000000000000000000003 /* TanzakuKit in Frameworks */ = {isa = PBXBuildFile; productRef = 7A1000000000000000000082 /* TanzakuKit */; };
		BC546B10F71243F94161BA43 /* Assets.xcassets in Resources */ = {isa = PBXBuildFile; fileRef = 819D3AB10EDF53500854ED1E /* Assets.xcassets */; };
		F3D1C21226DC1199B58783CB /* TanzakuTests.swift in Sources */ = {isa = PBXBuildFile; fileRef = 696013EBD8A305FE612B27B7 /* TanzakuTests.swift */; };
		7B2000000000000000000001 /* AppDelegate.swift in Sources */ = {isa = PBXBuildFile; fileRef = 7B2000000000000000000002 /* AppDelegate.swift */; };
		7B2000000000000000000003 /* DeveloperCommands.swift in Sources */ = {isa = PBXBuildFile; fileRef = 7B2000000000000000000004 /* DeveloperCommands.swift */; };
		7B2000000000000000000005 /* GlobalHotKey.swift in Sources */ = {isa = PBXBuildFile; fileRef = 7B2000000000000000000006 /* GlobalHotKey.swift */; };
		7B2000000000000000000007 /* LauncherColors.swift in Sources */ = {isa = PBXBuildFile; fileRef = 7B2000000000000000000008 /* LauncherColors.swift */; };
		7B2000000000000000000009 /* LauncherOutputAction.swift in Sources */ = {isa = PBXBuildFile; fileRef = 7B2000000000000000000010 /* LauncherOutputAction.swift */; };
		7B2000000000000000000011 /* LauncherPanelController.swift in Sources */ = {isa = PBXBuildFile; fileRef = 7B2000000000000000000012 /* LauncherPanelController.swift */; };
		7B2000000000000000000013 /* LauncherResultList.swift in Sources */ = {isa = PBXBuildFile; fileRef = 7B2000000000000000000014 /* LauncherResultList.swift */; };
		7B2000000000000000000015 /* LauncherState.swift in Sources */ = {isa = PBXBuildFile; fileRef = 7B2000000000000000000016 /* LauncherState.swift */; };
		7B2000000000000000000017 /* LauncherView.swift in Sources */ = {isa = PBXBuildFile; fileRef = 7B2000000000000000000018 /* LauncherView.swift */; };
		7B2000000000000000000019 /* MacModelContainer.swift in Sources */ = {isa = PBXBuildFile; fileRef = 7B2000000000000000000020 /* MacModelContainer.swift */; };
		7B2000000000000000000021 /* NewSnippetDraft.swift in Sources */ = {isa = PBXBuildFile; fileRef = 7B2000000000000000000022 /* NewSnippetDraft.swift */; };
		7B2000000000000000000023 /* SnippetPasteboard.swift in Sources */ = {isa = PBXBuildFile; fileRef = 7B2000000000000000000024 /* SnippetPasteboard.swift */; };
		7B2000000000000000000025 /* LauncherOutputActionTests.swift in Sources */ = {isa = PBXBuildFile; fileRef = 7B2000000000000000000026 /* LauncherOutputActionTests.swift */; };
		7B2000000000000000000027 /* LauncherResultListTests.swift in Sources */ = {isa = PBXBuildFile; fileRef = 7B2000000000000000000028 /* LauncherResultListTests.swift */; };
		7B2000000000000000000029 /* SnippetEmbeddingIndexer.swift in Sources */ = {isa = PBXBuildFile; fileRef = 7B2000000000000000000030 /* SnippetEmbeddingIndexer.swift */; };
		7B2000000000000000000031 /* DeveloperCommandsTests.swift in Sources */ = {isa = PBXBuildFile; fileRef = 7B2000000000000000000032 /* DeveloperCommandsTests.swift */; };
/* End PBXBuildFile section */

/* Begin PBXContainerItemProxy section */
		2A2863FFD099AF75DED0B5B9 /* PBXContainerItemProxy */ = {
			isa = PBXContainerItemProxy;
			containerPortal = 8F0C9A2A7B5BB151CF4B5CA6 /* Project object */;
			proxyType = 1;
			remoteGlobalIDString = 53454CE5B8EC5CB018DE5C6F;
			remoteInfo = Tanzaku;
		};
/* End PBXContainerItemProxy section */

/* Begin PBXFileReference section */
		490F39DA27F8967A83114754 /* Localizable.xcstrings */ = {isa = PBXFileReference; lastKnownFileType = text.json.xcstrings; path = Localizable.xcstrings; sourceTree = "<group>"; };
		4D7F3E4155C140F2DBB11F25 /* ContentView.swift */ = {isa = PBXFileReference; lastKnownFileType = sourcecode.swift; path = ContentView.swift; sourceTree = "<group>"; };
		696013EBD8A305FE612B27B7 /* TanzakuTests.swift */ = {isa = PBXFileReference; lastKnownFileType = sourcecode.swift; path = TanzakuTests.swift; sourceTree = "<group>"; };
		7A1000000000000000000011 /* TanzakuiOSApp.swift */ = {isa = PBXFileReference; lastKnownFileType = sourcecode.swift; path = TanzakuiOSApp.swift; sourceTree = "<group>"; };
		7A1000000000000000000012 /* TanzakuiOS.app */ = {isa = PBXFileReference; explicitFileType = wrapper.application; includeInIndex = 0; path = TanzakuiOS.app; sourceTree = BUILT_PRODUCTS_DIR; };
		819D3AB10EDF53500854ED1E /* Assets.xcassets */ = {isa = PBXFileReference; lastKnownFileType = folder.assetcatalog; path = Assets.xcassets; sourceTree = "<group>"; };
		8A6FB295041B82E946869DF6 /* TanzakuApp.swift */ = {isa = PBXFileReference; lastKnownFileType = sourcecode.swift; path = TanzakuApp.swift; sourceTree = "<group>"; };
		AB8FE1D8A6D581E6DF71B10D /* Tanzaku.entitlements */ = {isa = PBXFileReference; lastKnownFileType = text.plist.entitlements; path = Tanzaku.entitlements; sourceTree = "<group>"; };
		E804D807AB678D0394017B55 /* Tanzaku.app */ = {isa = PBXFileReference; explicitFileType = wrapper.application; includeInIndex = 0; path = Tanzaku.app; sourceTree = BUILT_PRODUCTS_DIR; };
		F42397ABB5D473ABA5C9F741 /* TanzakuTests.xctest */ = {isa = PBXFileReference; explicitFileType = wrapper.cfbundle; includeInIndex = 0; path = TanzakuTests.xctest; sourceTree = BUILT_PRODUCTS_DIR; };
		7B2000000000000000000002 /* AppDelegate.swift */ = {isa = PBXFileReference; lastKnownFileType = sourcecode.swift; path = AppDelegate.swift; sourceTree = "<group>"; };
		7B2000000000000000000004 /* DeveloperCommands.swift */ = {isa = PBXFileReference; lastKnownFileType = sourcecode.swift; path = DeveloperCommands.swift; sourceTree = "<group>"; };
		7B2000000000000000000006 /* GlobalHotKey.swift */ = {isa = PBXFileReference; lastKnownFileType = sourcecode.swift; path = GlobalHotKey.swift; sourceTree = "<group>"; };
		7B2000000000000000000008 /* LauncherColors.swift */ = {isa = PBXFileReference; lastKnownFileType = sourcecode.swift; path = LauncherColors.swift; sourceTree = "<group>"; };
		7B2000000000000000000010 /* LauncherOutputAction.swift */ = {isa = PBXFileReference; lastKnownFileType = sourcecode.swift; path = LauncherOutputAction.swift; sourceTree = "<group>"; };
		7B2000000000000000000012 /* LauncherPanelController.swift */ = {isa = PBXFileReference; lastKnownFileType = sourcecode.swift; path = LauncherPanelController.swift; sourceTree = "<group>"; };
		7B2000000000000000000014 /* LauncherResultList.swift */ = {isa = PBXFileReference; lastKnownFileType = sourcecode.swift; path = LauncherResultList.swift; sourceTree = "<group>"; };
		7B2000000000000000000016 /* LauncherState.swift */ = {isa = PBXFileReference; lastKnownFileType = sourcecode.swift; path = LauncherState.swift; sourceTree = "<group>"; };
		7B2000000000000000000018 /* LauncherView.swift */ = {isa = PBXFileReference; lastKnownFileType = sourcecode.swift; path = LauncherView.swift; sourceTree = "<group>"; };
		7B2000000000000000000020 /* MacModelContainer.swift */ = {isa = PBXFileReference; lastKnownFileType = sourcecode.swift; path = MacModelContainer.swift; sourceTree = "<group>"; };
		7B2000000000000000000022 /* NewSnippetDraft.swift */ = {isa = PBXFileReference; lastKnownFileType = sourcecode.swift; path = NewSnippetDraft.swift; sourceTree = "<group>"; };
		7B2000000000000000000024 /* SnippetPasteboard.swift */ = {isa = PBXFileReference; lastKnownFileType = sourcecode.swift; path = SnippetPasteboard.swift; sourceTree = "<group>"; };
		7B2000000000000000000026 /* LauncherOutputActionTests.swift */ = {isa = PBXFileReference; lastKnownFileType = sourcecode.swift; path = LauncherOutputActionTests.swift; sourceTree = "<group>"; };
		7B2000000000000000000028 /* LauncherResultListTests.swift */ = {isa = PBXFileReference; lastKnownFileType = sourcecode.swift; path = LauncherResultListTests.swift; sourceTree = "<group>"; };
		7B2000000000000000000030 /* SnippetEmbeddingIndexer.swift */ = {isa = PBXFileReference; lastKnownFileType = sourcecode.swift; path = SnippetEmbeddingIndexer.swift; sourceTree = "<group>"; };
		7B2000000000000000000032 /* DeveloperCommandsTests.swift */ = {isa = PBXFileReference; lastKnownFileType = sourcecode.swift; path = DeveloperCommandsTests.swift; sourceTree = "<group>"; };
/* End PBXFileReference section */

/* Begin PBXFrameworksBuildPhase section */
		7A1000000000000000000031 /* Frameworks */ = {
			isa = PBXFrameworksBuildPhase;
			buildActionMask = 2147483647;
			files = (
				7A1000000000000000000002 /* TanzakuKit in Frameworks */,
			);
			runOnlyForDeploymentPostprocessing = 0;
		};
		7A1000000000000000000032 /* Frameworks */ = {
			isa = PBXFrameworksBuildPhase;
			buildActionMask = 2147483647;
			files = (
				7A1000000000000000000003 /* TanzakuKit in Frameworks */,
			);
			runOnlyForDeploymentPostprocessing = 0;
		};
/* End PBXFrameworksBuildPhase section */

/* Begin PBXGroup section */
		794AF1B7E86592B62D074032 /* Products */ = {
			isa = PBXGroup;
			children = (
				E804D807AB678D0394017B55 /* Tanzaku.app */,
				F42397ABB5D473ABA5C9F741 /* TanzakuTests.xctest */,
				7A1000000000000000000012 /* TanzakuiOS.app */,
			);
			name = Products;
			sourceTree = "<group>";
		};
		7A1000000000000000000021 /* TanzakuiOS */ = {
			isa = PBXGroup;
			children = (
				7A1000000000000000000011 /* TanzakuiOSApp.swift */,
			);
			path = TanzakuiOS;
			sourceTree = "<group>";
		};
		C2232B089B697C8061A78001 /* Tanzaku */ = {
			isa = PBXGroup;
			children = (
				819D3AB10EDF53500854ED1E /* Assets.xcassets */,
				7B2000000000000000000030 /* SnippetEmbeddingIndexer.swift */,
				7B2000000000000000000002 /* AppDelegate.swift */,
				7B2000000000000000000004 /* DeveloperCommands.swift */,
				7B2000000000000000000006 /* GlobalHotKey.swift */,
				7B2000000000000000000008 /* LauncherColors.swift */,
				7B2000000000000000000010 /* LauncherOutputAction.swift */,
				7B2000000000000000000012 /* LauncherPanelController.swift */,
				7B2000000000000000000014 /* LauncherResultList.swift */,
				7B2000000000000000000016 /* LauncherState.swift */,
				7B2000000000000000000018 /* LauncherView.swift */,
				7B2000000000000000000020 /* MacModelContainer.swift */,
				7B2000000000000000000022 /* NewSnippetDraft.swift */,
				7B2000000000000000000024 /* SnippetPasteboard.swift */,
				4D7F3E4155C140F2DBB11F25 /* ContentView.swift */,
				490F39DA27F8967A83114754 /* Localizable.xcstrings */,
				AB8FE1D8A6D581E6DF71B10D /* Tanzaku.entitlements */,
				8A6FB295041B82E946869DF6 /* TanzakuApp.swift */,
			);
			path = Tanzaku;
			sourceTree = "<group>";
		};
		C444FF1BECBC1B8DFA2A39D3 = {
			isa = PBXGroup;
			children = (
				C2232B089B697C8061A78001 /* Tanzaku */,
				7A1000000000000000000021 /* TanzakuiOS */,
				FFDDB424F544A78FD2837B05 /* TanzakuTests */,
				794AF1B7E86592B62D074032 /* Products */,
			);
			sourceTree = "<group>";
		};
		FFDDB424F544A78FD2837B05 /* TanzakuTests */ = {
			isa = PBXGroup;
			children = (
				696013EBD8A305FE612B27B7 /* TanzakuTests.swift */,
				7B2000000000000000000032 /* DeveloperCommandsTests.swift */,
				7B2000000000000000000026 /* LauncherOutputActionTests.swift */,
				7B2000000000000000000028 /* LauncherResultListTests.swift */,
			);
			path = TanzakuTests;
			sourceTree = "<group>";
		};
/* End PBXGroup section */

/* Begin PBXNativeTarget section */
		3D161F7F2FCD597949FE21AC /* TanzakuTests */ = {
			isa = PBXNativeTarget;
			buildConfigurationList = 88DE9B26624A8D16BBE74F82 /* Build configuration list for PBXNativeTarget "TanzakuTests" */;
			buildPhases = (
				055411B1780AE8CBA39D3698 /* Sources */,
			);
			buildRules = (
			);
			dependencies = (
				2E35DE1E76AF64CE65DFB6DF /* PBXTargetDependency */,
			);
			name = TanzakuTests;
			packageProductDependencies = (
			);
			productName = TanzakuTests;
			productReference = F42397ABB5D473ABA5C9F741 /* TanzakuTests.xctest */;
			productType = "com.apple.product-type.bundle.unit-test";
		};
		53454CE5B8EC5CB018DE5C6F /* Tanzaku */ = {
			isa = PBXNativeTarget;
			buildConfigurationList = D98626946E2D9212CD95DE94 /* Build configuration list for PBXNativeTarget "Tanzaku" */;
			buildPhases = (
				9E6F7559CD7C10ED336ACC0F /* Sources */,
				7A1000000000000000000031 /* Frameworks */,
				4AA94B2635BC7EBF852E9001 /* Resources */,
			);
			buildRules = (
			);
			dependencies = (
			);
			name = Tanzaku;
			packageProductDependencies = (
				7A1000000000000000000081 /* TanzakuKit */,
			);
			productName = Tanzaku;
			productReference = E804D807AB678D0394017B55 /* Tanzaku.app */;
			productType = "com.apple.product-type.application";
		};
		7A1000000000000000000041 /* TanzakuiOS */ = {
			isa = PBXNativeTarget;
			buildConfigurationList = 7A1000000000000000000061 /* Build configuration list for PBXNativeTarget "TanzakuiOS" */;
			buildPhases = (
				7A1000000000000000000033 /* Sources */,
				7A1000000000000000000032 /* Frameworks */,
				7A1000000000000000000034 /* Resources */,
			);
			buildRules = (
			);
			dependencies = (
			);
			name = TanzakuiOS;
			packageProductDependencies = (
				7A1000000000000000000082 /* TanzakuKit */,
			);
			productName = TanzakuiOS;
			productReference = 7A1000000000000000000012 /* TanzakuiOS.app */;
			productType = "com.apple.product-type.application";
		};
/* End PBXNativeTarget section */

/* Begin PBXProject section */
		8F0C9A2A7B5BB151CF4B5CA6 /* Project object */ = {
			isa = PBXProject;
			attributes = {
				BuildIndependentTargetsInParallel = YES;
				LastUpgradeCheck = 1430;
				TargetAttributes = {
					3D161F7F2FCD597949FE21AC = {
						DevelopmentTeam = TQPN82UBBY;
						ProvisioningStyle = Automatic;
					};
					53454CE5B8EC5CB018DE5C6F = {
						DevelopmentTeam = TQPN82UBBY;
						ProvisioningStyle = Automatic;
					};
					7A1000000000000000000041 = {
						DevelopmentTeam = TQPN82UBBY;
						ProvisioningStyle = Automatic;
					};
				};
			};
			buildConfigurationList = CB607143B377DD90E781B675 /* Build configuration list for PBXProject "Tanzaku" */;
			compatibilityVersion = "Xcode 14.0";
			developmentRegion = en;
			hasScannedForEncodings = 0;
			knownRegions = (
				Base,
				en,
				ja,
			);
			mainGroup = C444FF1BECBC1B8DFA2A39D3;
			minimizedProjectReferenceProxies = 1;
			packageReferences = (
				7A1000000000000000000071 /* XCLocalSwiftPackageReference "TanzakuKit" */,
			);
			preferredProjectObjectVersion = 77;
			projectDirPath = "";
			projectRoot = "";
			targets = (
				53454CE5B8EC5CB018DE5C6F /* Tanzaku */,
				3D161F7F2FCD597949FE21AC /* TanzakuTests */,
				7A1000000000000000000041 /* TanzakuiOS */,
			);
		};
/* End PBXProject section */

/* Begin PBXResourcesBuildPhase section */
		4AA94B2635BC7EBF852E9001 /* Resources */ = {
			isa = PBXResourcesBuildPhase;
			buildActionMask = 2147483647;
			files = (
				BC546B10F71243F94161BA43 /* Assets.xcassets in Resources */,
				2A8FAA4DE8F86358E1C083D3 /* Localizable.xcstrings in Resources */,
			);
			runOnlyForDeploymentPostprocessing = 0;
		};
		7A1000000000000000000034 /* Resources */ = {
			isa = PBXResourcesBuildPhase;
			buildActionMask = 2147483647;
			files = (
			);
			runOnlyForDeploymentPostprocessing = 0;
		};
/* End PBXResourcesBuildPhase section */

/* Begin PBXSourcesBuildPhase section */
		055411B1780AE8CBA39D3698 /* Sources */ = {
			isa = PBXSourcesBuildPhase;
			buildActionMask = 2147483647;
			files = (
				F3D1C21226DC1199B58783CB /* TanzakuTests.swift in Sources */,
				7B2000000000000000000031 /* DeveloperCommandsTests.swift in Sources */,
				7B2000000000000000000025 /* LauncherOutputActionTests.swift in Sources */,
				7B2000000000000000000027 /* LauncherResultListTests.swift in Sources */,
			);
			runOnlyForDeploymentPostprocessing = 0;
		};
		9E6F7559CD7C10ED336ACC0F /* Sources */ = {
			isa = PBXSourcesBuildPhase;
			buildActionMask = 2147483647;
			files = (
				6A24AB34013694067A252965 /* ContentView.swift in Sources */,
				3FDD0285687CAEA6E170EAC6 /* TanzakuApp.swift in Sources */,
				7B2000000000000000000029 /* SnippetEmbeddingIndexer.swift in Sources */,
				7B2000000000000000000001 /* AppDelegate.swift in Sources */,
				7B2000000000000000000003 /* DeveloperCommands.swift in Sources */,
				7B2000000000000000000005 /* GlobalHotKey.swift in Sources */,
				7B2000000000000000000007 /* LauncherColors.swift in Sources */,
				7B2000000000000000000009 /* LauncherOutputAction.swift in Sources */,
				7B2000000000000000000011 /* LauncherPanelController.swift in Sources */,
				7B2000000000000000000013 /* LauncherResultList.swift in Sources */,
				7B2000000000000000000015 /* LauncherState.swift in Sources */,
				7B2000000000000000000017 /* LauncherView.swift in Sources */,
				7B2000000000000000000019 /* MacModelContainer.swift in Sources */,
				7B2000000000000000000021 /* NewSnippetDraft.swift in Sources */,
				7B2000000000000000000023 /* SnippetPasteboard.swift in Sources */,
			);
			runOnlyForDeploymentPostprocessing = 0;
		};
		7A1000000000000000000033 /* Sources */ = {
			isa = PBXSourcesBuildPhase;
			buildActionMask = 2147483647;
			files = (
				7A1000000000000000000001 /* TanzakuiOSApp.swift in Sources */,
			);
			runOnlyForDeploymentPostprocessing = 0;
		};
/* End PBXSourcesBuildPhase section */

/* Begin PBXTargetDependency section */
		2E35DE1E76AF64CE65DFB6DF /* PBXTargetDependency */ = {
			isa = PBXTargetDependency;
			target = 53454CE5B8EC5CB018DE5C6F /* Tanzaku */;
			targetProxy = 2A2863FFD099AF75DED0B5B9 /* PBXContainerItemProxy */;
		};
/* End PBXTargetDependency section */

/* Begin XCBuildConfiguration section */
		13666AE0500745E9B31C90F7 /* DebugUnsigned */ = {
			isa = XCBuildConfiguration;
			buildSettings = {
				ALWAYS_SEARCH_USER_PATHS = NO;
				CLANG_ANALYZER_NONNULL = YES;
				CLANG_ANALYZER_NUMBER_OBJECT_CONVERSION = YES_AGGRESSIVE;
				CLANG_CXX_LANGUAGE_STANDARD = "gnu++14";
				CLANG_CXX_LIBRARY = "libc++";
				CLANG_ENABLE_MODULES = YES;
				CLANG_ENABLE_OBJC_ARC = YES;
				CLANG_ENABLE_OBJC_WEAK = YES;
				CLANG_WARN_BLOCK_CAPTURE_AUTORELEASING = YES;
				CLANG_WARN_BOOL_CONVERSION = YES;
				CLANG_WARN_COMMA = YES;
				CLANG_WARN_CONSTANT_CONVERSION = YES;
				CLANG_WARN_DEPRECATED_OBJC_IMPLEMENTATIONS = YES;
				CLANG_WARN_DIRECT_OBJC_ISA_USAGE = YES_ERROR;
				CLANG_WARN_DOCUMENTATION_COMMENTS = YES;
				CLANG_WARN_EMPTY_BODY = YES;
				CLANG_WARN_ENUM_CONVERSION = YES;
				CLANG_WARN_INFINITE_RECURSION = YES;
				CLANG_WARN_INT_CONVERSION = YES;
				CLANG_WARN_NON_LITERAL_NULL_CONVERSION = YES;
				CLANG_WARN_OBJC_IMPLICIT_RETAIN_SELF = YES;
				CLANG_WARN_OBJC_LITERAL_CONVERSION = YES;
				CLANG_WARN_OBJC_ROOT_CLASS = YES_ERROR;
				CLANG_WARN_QUOTED_INCLUDE_IN_FRAMEWORK_HEADER = YES;
				CLANG_WARN_RANGE_LOOP_ANALYSIS = YES;
				CLANG_WARN_STRICT_PROTOTYPES = YES;
				CLANG_WARN_SUSPICIOUS_MOVE = YES;
				CLANG_WARN_UNGUARDED_AVAILABILITY = YES_AGGRESSIVE;
				CLANG_WARN_UNREACHABLE_CODE = YES;
				CLANG_WARN__DUPLICATE_METHOD_MATCH = YES;
				CODE_SIGN_STYLE = Automatic;
				COPY_PHASE_STRIP = NO;
				CURRENT_PROJECT_VERSION = 1;
				DEBUG_INFORMATION_FORMAT = dwarf;
				DEVELOPMENT_TEAM = TQPN82UBBY;
				ENABLE_STRICT_OBJC_MSGSEND = YES;
				ENABLE_TESTABILITY = YES;
				GCC_C_LANGUAGE_STANDARD = gnu11;
				GCC_DYNAMIC_NO_PIC = NO;
				GCC_NO_COMMON_BLOCKS = YES;
				GCC_OPTIMIZATION_LEVEL = 0;
				GCC_PREPROCESSOR_DEFINITIONS = (
					"$(inherited)",
					"DEBUG=1",
				);
				GCC_WARN_64_TO_32_BIT_CONVERSION = YES;
				GCC_WARN_ABOUT_RETURN_TYPE = YES_ERROR;
				GCC_WARN_UNDECLARED_SELECTOR = YES;
				GCC_WARN_UNINITIALIZED_AUTOS = YES_AGGRESSIVE;
				GCC_WARN_UNUSED_FUNCTION = YES;
				GCC_WARN_UNUSED_VARIABLE = YES;
				LOCALIZATION_PREFERS_STRING_CATALOGS = YES;
				MACOSX_DEPLOYMENT_TARGET = 14.0;
				MARKETING_VERSION = 0.1.0;
				MTL_ENABLE_DEBUG_INFO = INCLUDE_SOURCE;
				MTL_FAST_MATH = YES;
				ONLY_ACTIVE_ARCH = YES;
				PRODUCT_NAME = "$(TARGET_NAME)";
				SDKROOT = macosx;
				SWIFT_ACTIVE_COMPILATION_CONDITIONS = DEBUG;
				SWIFT_APPROACHABLE_CONCURRENCY = YES;
				SWIFT_DEFAULT_ACTOR_ISOLATION = MainActor;
				SWIFT_EMIT_LOC_STRINGS = YES;
				SWIFT_OPTIMIZATION_LEVEL = "-Onone";
				SWIFT_VERSION = 6.0;
			};
			name = DebugUnsigned;
		};
		202192A6EB747509840461DC /* Debug */ = {
			isa = XCBuildConfiguration;
			buildSettings = {
				ASSETCATALOG_COMPILER_APPICON_NAME = AppIcon;
				ASSETCATALOG_COMPILER_GLOBAL_ACCENT_COLOR_NAME = AccentColor;
				CODE_SIGN_ENTITLEMENTS = Tanzaku/Tanzaku.entitlements;
				COMBINE_HIDPI_IMAGES = YES;
				ENABLE_HARDENED_RUNTIME = YES;
				GENERATE_INFOPLIST_FILE = YES;
				INFOPLIST_KEY_CFBundleDisplayName = Tanzaku;
				INFOPLIST_KEY_LSApplicationCategoryType = "public.app-category.developer-tools";
				INFOPLIST_KEY_NSHumanReadableCopyright = "";
				LD_RUNPATH_SEARCH_PATHS = (
					"$(inherited)",
					"@executable_path/../Frameworks",
				);
				PRODUCT_BUNDLE_IDENTIFIER = com.bannzai.tanzaku;
				PRODUCT_NAME = Tanzaku;
				SDKROOT = macosx;
			};
			name = Debug;
		};
		2590F2C79F063C57BDE490A7 /* Debug */ = {
			isa = XCBuildConfiguration;
			buildSettings = {
				ALWAYS_SEARCH_USER_PATHS = NO;
				CLANG_ANALYZER_NONNULL = YES;
				CLANG_ANALYZER_NUMBER_OBJECT_CONVERSION = YES_AGGRESSIVE;
				CLANG_CXX_LANGUAGE_STANDARD = "gnu++14";
				CLANG_CXX_LIBRARY = "libc++";
				CLANG_ENABLE_MODULES = YES;
				CLANG_ENABLE_OBJC_ARC = YES;
				CLANG_ENABLE_OBJC_WEAK = YES;
				CLANG_WARN_BLOCK_CAPTURE_AUTORELEASING = YES;
				CLANG_WARN_BOOL_CONVERSION = YES;
				CLANG_WARN_COMMA = YES;
				CLANG_WARN_CONSTANT_CONVERSION = YES;
				CLANG_WARN_DEPRECATED_OBJC_IMPLEMENTATIONS = YES;
				CLANG_WARN_DIRECT_OBJC_ISA_USAGE = YES_ERROR;
				CLANG_WARN_DOCUMENTATION_COMMENTS = YES;
				CLANG_WARN_EMPTY_BODY = YES;
				CLANG_WARN_ENUM_CONVERSION = YES;
				CLANG_WARN_INFINITE_RECURSION = YES;
				CLANG_WARN_INT_CONVERSION = YES;
				CLANG_WARN_NON_LITERAL_NULL_CONVERSION = YES;
				CLANG_WARN_OBJC_IMPLICIT_RETAIN_SELF = YES;
				CLANG_WARN_OBJC_LITERAL_CONVERSION = YES;
				CLANG_WARN_OBJC_ROOT_CLASS = YES_ERROR;
				CLANG_WARN_QUOTED_INCLUDE_IN_FRAMEWORK_HEADER = YES;
				CLANG_WARN_RANGE_LOOP_ANALYSIS = YES;
				CLANG_WARN_STRICT_PROTOTYPES = YES;
				CLANG_WARN_SUSPICIOUS_MOVE = YES;
				CLANG_WARN_UNGUARDED_AVAILABILITY = YES_AGGRESSIVE;
				CLANG_WARN_UNREACHABLE_CODE = YES;
				CLANG_WARN__DUPLICATE_METHOD_MATCH = YES;
				CODE_SIGN_STYLE = Automatic;
				COPY_PHASE_STRIP = NO;
				CURRENT_PROJECT_VERSION = 1;
				DEBUG_INFORMATION_FORMAT = dwarf;
				DEVELOPMENT_TEAM = TQPN82UBBY;
				ENABLE_STRICT_OBJC_MSGSEND = YES;
				ENABLE_TESTABILITY = YES;
				GCC_C_LANGUAGE_STANDARD = gnu11;
				GCC_DYNAMIC_NO_PIC = NO;
				GCC_NO_COMMON_BLOCKS = YES;
				GCC_OPTIMIZATION_LEVEL = 0;
				GCC_PREPROCESSOR_DEFINITIONS = (
					"$(inherited)",
					"DEBUG=1",
				);
				GCC_WARN_64_TO_32_BIT_CONVERSION = YES;
				GCC_WARN_ABOUT_RETURN_TYPE = YES_ERROR;
				GCC_WARN_UNDECLARED_SELECTOR = YES;
				GCC_WARN_UNINITIALIZED_AUTOS = YES_AGGRESSIVE;
				GCC_WARN_UNUSED_FUNCTION = YES;
				GCC_WARN_UNUSED_VARIABLE = YES;
				LOCALIZATION_PREFERS_STRING_CATALOGS = YES;
				MACOSX_DEPLOYMENT_TARGET = 14.0;
				MARKETING_VERSION = 0.1.0;
				MTL_ENABLE_DEBUG_INFO = INCLUDE_SOURCE;
				MTL_FAST_MATH = YES;
				ONLY_ACTIVE_ARCH = YES;
				PRODUCT_NAME = "$(TARGET_NAME)";
				SDKROOT = macosx;
				SWIFT_ACTIVE_COMPILATION_CONDITIONS = DEBUG;
				SWIFT_APPROACHABLE_CONCURRENCY = YES;
				SWIFT_DEFAULT_ACTOR_ISOLATION = MainActor;
				SWIFT_EMIT_LOC_STRINGS = YES;
				SWIFT_OPTIMIZATION_LEVEL = "-Onone";
				SWIFT_VERSION = 6.0;
			};
			name = Debug;
		};
		67B41091E3BF9EE831532DC9 /* DebugUnsigned */ = {
			isa = XCBuildConfiguration;
			buildSettings = {
				ASSETCATALOG_COMPILER_APPICON_NAME = AppIcon;
				ASSETCATALOG_COMPILER_GLOBAL_ACCENT_COLOR_NAME = AccentColor;
				CODE_SIGNING_ALLOWED = NO;
				CODE_SIGN_ENTITLEMENTS = Tanzaku/Tanzaku.entitlements;
				COMBINE_HIDPI_IMAGES = YES;
				ENABLE_HARDENED_RUNTIME = YES;
				GENERATE_INFOPLIST_FILE = YES;
				INFOPLIST_KEY_CFBundleDisplayName = Tanzaku;
				INFOPLIST_KEY_LSApplicationCategoryType = "public.app-category.developer-tools";
				INFOPLIST_KEY_NSHumanReadableCopyright = "";
				LD_RUNPATH_SEARCH_PATHS = (
					"$(inherited)",
					"@executable_path/../Frameworks",
				);
				PRODUCT_BUNDLE_IDENTIFIER = com.bannzai.tanzaku;
				PRODUCT_NAME = Tanzaku;
				SDKROOT = macosx;
			};
			name = DebugUnsigned;
		};
		75BA479019F911A25FA5C157 /* Release */ = {
			isa = XCBuildConfiguration;
			buildSettings = {
				ASSETCATALOG_COMPILER_APPICON_NAME = AppIcon;
				ASSETCATALOG_COMPILER_GLOBAL_ACCENT_COLOR_NAME = AccentColor;
				CODE_SIGN_ENTITLEMENTS = Tanzaku/Tanzaku.entitlements;
				COMBINE_HIDPI_IMAGES = YES;
				ENABLE_HARDENED_RUNTIME = YES;
				GENERATE_INFOPLIST_FILE = YES;
				INFOPLIST_KEY_CFBundleDisplayName = Tanzaku;
				INFOPLIST_KEY_LSApplicationCategoryType = "public.app-category.developer-tools";
				INFOPLIST_KEY_NSHumanReadableCopyright = "";
				LD_RUNPATH_SEARCH_PATHS = (
					"$(inherited)",
					"@executable_path/../Frameworks",
				);
				PRODUCT_BUNDLE_IDENTIFIER = com.bannzai.tanzaku;
				PRODUCT_NAME = Tanzaku;
				SDKROOT = macosx;
			};
			name = Release;
		};
		AB525D07B16473773D1EFF68 /* Debug */ = {
			isa = XCBuildConfiguration;
			buildSettings = {
				BUNDLE_LOADER = "$(TEST_HOST)";
				COMBINE_HIDPI_IMAGES = YES;
				GENERATE_INFOPLIST_FILE = YES;
				LD_RUNPATH_SEARCH_PATHS = (
					"$(inherited)",
					"@executable_path/../Frameworks",
					"@loader_path/../Frameworks",
				);
				PRODUCT_BUNDLE_IDENTIFIER = com.bannzai.tanzakuTests;
				SDKROOT = macosx;
				TEST_HOST = "$(BUILT_PRODUCTS_DIR)/Tanzaku.app/Contents/MacOS/Tanzaku";
			};
			name = Debug;
		};
		ABC58860E167C909EEFF1275 /* Release */ = {
			isa = XCBuildConfiguration;
			buildSettings = {
				BUNDLE_LOADER = "$(TEST_HOST)";
				COMBINE_HIDPI_IMAGES = YES;
				GENERATE_INFOPLIST_FILE = YES;
				LD_RUNPATH_SEARCH_PATHS = (
					"$(inherited)",
					"@executable_path/../Frameworks",
					"@loader_path/../Frameworks",
				);
				PRODUCT_BUNDLE_IDENTIFIER = com.bannzai.tanzakuTests;
				SDKROOT = macosx;
				TEST_HOST = "$(BUILT_PRODUCTS_DIR)/Tanzaku.app/Contents/MacOS/Tanzaku";
			};
			name = Release;
		};
		B54762AB7982DF5B6C1E249F /* Release */ = {
			isa = XCBuildConfiguration;
			buildSettings = {
				ALWAYS_SEARCH_USER_PATHS = NO;
				CLANG_ANALYZER_NONNULL = YES;
				CLANG_ANALYZER_NUMBER_OBJECT_CONVERSION = YES_AGGRESSIVE;
				CLANG_CXX_LANGUAGE_STANDARD = "gnu++14";
				CLANG_CXX_LIBRARY = "libc++";
				CLANG_ENABLE_MODULES = YES;
				CLANG_ENABLE_OBJC_ARC = YES;
				CLANG_ENABLE_OBJC_WEAK = YES;
				CLANG_WARN_BLOCK_CAPTURE_AUTORELEASING = YES;
				CLANG_WARN_BOOL_CONVERSION = YES;
				CLANG_WARN_COMMA = YES;
				CLANG_WARN_CONSTANT_CONVERSION = YES;
				CLANG_WARN_DEPRECATED_OBJC_IMPLEMENTATIONS = YES;
				CLANG_WARN_DIRECT_OBJC_ISA_USAGE = YES_ERROR;
				CLANG_WARN_DOCUMENTATION_COMMENTS = YES;
				CLANG_WARN_EMPTY_BODY = YES;
				CLANG_WARN_ENUM_CONVERSION = YES;
				CLANG_WARN_INFINITE_RECURSION = YES;
				CLANG_WARN_INT_CONVERSION = YES;
				CLANG_WARN_NON_LITERAL_NULL_CONVERSION = YES;
				CLANG_WARN_OBJC_IMPLICIT_RETAIN_SELF = YES;
				CLANG_WARN_OBJC_LITERAL_CONVERSION = YES;
				CLANG_WARN_OBJC_ROOT_CLASS = YES_ERROR;
				CLANG_WARN_QUOTED_INCLUDE_IN_FRAMEWORK_HEADER = YES;
				CLANG_WARN_RANGE_LOOP_ANALYSIS = YES;
				CLANG_WARN_STRICT_PROTOTYPES = YES;
				CLANG_WARN_SUSPICIOUS_MOVE = YES;
				CLANG_WARN_UNGUARDED_AVAILABILITY = YES_AGGRESSIVE;
				CLANG_WARN_UNREACHABLE_CODE = YES;
				CLANG_WARN__DUPLICATE_METHOD_MATCH = YES;
				CODE_SIGN_STYLE = Automatic;
				COPY_PHASE_STRIP = NO;
				CURRENT_PROJECT_VERSION = 1;
				DEBUG_INFORMATION_FORMAT = "dwarf-with-dsym";
				DEVELOPMENT_TEAM = TQPN82UBBY;
				ENABLE_NS_ASSERTIONS = NO;
				ENABLE_STRICT_OBJC_MSGSEND = YES;
				GCC_C_LANGUAGE_STANDARD = gnu11;
				GCC_NO_COMMON_BLOCKS = YES;
				GCC_WARN_64_TO_32_BIT_CONVERSION = YES;
				GCC_WARN_ABOUT_RETURN_TYPE = YES_ERROR;
				GCC_WARN_UNDECLARED_SELECTOR = YES;
				GCC_WARN_UNINITIALIZED_AUTOS = YES_AGGRESSIVE;
				GCC_WARN_UNUSED_FUNCTION = YES;
				GCC_WARN_UNUSED_VARIABLE = YES;
				LOCALIZATION_PREFERS_STRING_CATALOGS = YES;
				MACOSX_DEPLOYMENT_TARGET = 14.0;
				MARKETING_VERSION = 0.1.0;
				MTL_ENABLE_DEBUG_INFO = NO;
				MTL_FAST_MATH = YES;
				PRODUCT_NAME = "$(TARGET_NAME)";
				SDKROOT = macosx;
				SWIFT_APPROACHABLE_CONCURRENCY = YES;
				SWIFT_COMPILATION_MODE = wholemodule;
				SWIFT_DEFAULT_ACTOR_ISOLATION = MainActor;
				SWIFT_EMIT_LOC_STRINGS = YES;
				SWIFT_OPTIMIZATION_LEVEL = "-O";
				SWIFT_VERSION = 6.0;
			};
			name = Release;
		};
		CC3CAC7755A5466E463FA1CB /* DebugUnsigned */ = {
			isa = XCBuildConfiguration;
			buildSettings = {
				BUNDLE_LOADER = "$(TEST_HOST)";
				CODE_SIGNING_ALLOWED = NO;
				COMBINE_HIDPI_IMAGES = YES;
				GENERATE_INFOPLIST_FILE = YES;
				LD_RUNPATH_SEARCH_PATHS = (
					"$(inherited)",
					"@executable_path/../Frameworks",
					"@loader_path/../Frameworks",
				);
				PRODUCT_BUNDLE_IDENTIFIER = com.bannzai.tanzakuTests;
				SDKROOT = macosx;
				TEST_HOST = "$(BUILT_PRODUCTS_DIR)/Tanzaku.app/Contents/MacOS/Tanzaku";
			};
			name = DebugUnsigned;
		};
		7A1000000000000000000051 /* Debug */ = {
			isa = XCBuildConfiguration;
			buildSettings = {
				GENERATE_INFOPLIST_FILE = YES;
				INFOPLIST_KEY_CFBundleDisplayName = Tanzaku;
				INFOPLIST_KEY_UIApplicationSceneManifest_Generation = YES;
				INFOPLIST_KEY_UIApplicationSupportsIndirectInputEvents = YES;
				INFOPLIST_KEY_UILaunchScreen_Generation = YES;
				INFOPLIST_KEY_UISupportedInterfaceOrientations_iPad = "UIInterfaceOrientationPortrait UIInterfaceOrientationPortraitUpsideDown UIInterfaceOrientationLandscapeLeft UIInterfaceOrientationLandscapeRight";
				INFOPLIST_KEY_UISupportedInterfaceOrientations_iPhone = "UIInterfaceOrientationPortrait UIInterfaceOrientationLandscapeLeft UIInterfaceOrientationLandscapeRight";
				IPHONEOS_DEPLOYMENT_TARGET = 17.0;
				LD_RUNPATH_SEARCH_PATHS = (
					"$(inherited)",
					"@executable_path/Frameworks",
				);
				PRODUCT_BUNDLE_IDENTIFIER = com.bannzai.tanzaku;
				PRODUCT_NAME = "$(TARGET_NAME)";
				SDKROOT = iphoneos;
				TARGETED_DEVICE_FAMILY = "1,2";
			};
			name = Debug;
		};
		7A1000000000000000000052 /* DebugUnsigned */ = {
			isa = XCBuildConfiguration;
			buildSettings = {
				CODE_SIGNING_ALLOWED = NO;
				GENERATE_INFOPLIST_FILE = YES;
				INFOPLIST_KEY_CFBundleDisplayName = Tanzaku;
				INFOPLIST_KEY_UIApplicationSceneManifest_Generation = YES;
				INFOPLIST_KEY_UIApplicationSupportsIndirectInputEvents = YES;
				INFOPLIST_KEY_UILaunchScreen_Generation = YES;
				INFOPLIST_KEY_UISupportedInterfaceOrientations_iPad = "UIInterfaceOrientationPortrait UIInterfaceOrientationPortraitUpsideDown UIInterfaceOrientationLandscapeLeft UIInterfaceOrientationLandscapeRight";
				INFOPLIST_KEY_UISupportedInterfaceOrientations_iPhone = "UIInterfaceOrientationPortrait UIInterfaceOrientationLandscapeLeft UIInterfaceOrientationLandscapeRight";
				IPHONEOS_DEPLOYMENT_TARGET = 17.0;
				LD_RUNPATH_SEARCH_PATHS = (
					"$(inherited)",
					"@executable_path/Frameworks",
				);
				PRODUCT_BUNDLE_IDENTIFIER = com.bannzai.tanzaku;
				PRODUCT_NAME = "$(TARGET_NAME)";
				SDKROOT = iphoneos;
				TARGETED_DEVICE_FAMILY = "1,2";
			};
			name = DebugUnsigned;
		};
		7A1000000000000000000053 /* Release */ = {
			isa = XCBuildConfiguration;
			buildSettings = {
				GENERATE_INFOPLIST_FILE = YES;
				INFOPLIST_KEY_CFBundleDisplayName = Tanzaku;
				INFOPLIST_KEY_UIApplicationSceneManifest_Generation = YES;
				INFOPLIST_KEY_UIApplicationSupportsIndirectInputEvents = YES;
				INFOPLIST_KEY_UILaunchScreen_Generation = YES;
				INFOPLIST_KEY_UISupportedInterfaceOrientations_iPad = "UIInterfaceOrientationPortrait UIInterfaceOrientationPortraitUpsideDown UIInterfaceOrientationLandscapeLeft UIInterfaceOrientationLandscapeRight";
				INFOPLIST_KEY_UISupportedInterfaceOrientations_iPhone = "UIInterfaceOrientationPortrait UIInterfaceOrientationLandscapeLeft UIInterfaceOrientationLandscapeRight";
				IPHONEOS_DEPLOYMENT_TARGET = 17.0;
				LD_RUNPATH_SEARCH_PATHS = (
					"$(inherited)",
					"@executable_path/Frameworks",
				);
				PRODUCT_BUNDLE_IDENTIFIER = com.bannzai.tanzaku;
				PRODUCT_NAME = "$(TARGET_NAME)";
				SDKROOT = iphoneos;
				TARGETED_DEVICE_FAMILY = "1,2";
				VALIDATE_PRODUCT = YES;
			};
			name = Release;
		};
/* End XCBuildConfiguration section */

/* Begin XCConfigurationList section */
		7A1000000000000000000061 /* Build configuration list for PBXNativeTarget "TanzakuiOS" */ = {
			isa = XCConfigurationList;
			buildConfigurations = (
				7A1000000000000000000051 /* Debug */,
				7A1000000000000000000052 /* DebugUnsigned */,
				7A1000000000000000000053 /* Release */,
			);
			defaultConfigurationIsVisible = 0;
			defaultConfigurationName = Debug;
		};
		88DE9B26624A8D16BBE74F82 /* Build configuration list for PBXNativeTarget "TanzakuTests" */ = {
			isa = XCConfigurationList;
			buildConfigurations = (
				AB525D07B16473773D1EFF68 /* Debug */,
				CC3CAC7755A5466E463FA1CB /* DebugUnsigned */,
				ABC58860E167C909EEFF1275 /* Release */,
			);
			defaultConfigurationIsVisible = 0;
			defaultConfigurationName = Debug;
		};
		CB607143B377DD90E781B675 /* Build configuration list for PBXProject "Tanzaku" */ = {
			isa = XCConfigurationList;
			buildConfigurations = (
				2590F2C79F063C57BDE490A7 /* Debug */,
				13666AE0500745E9B31C90F7 /* DebugUnsigned */,
				B54762AB7982DF5B6C1E249F /* Release */,
			);
			defaultConfigurationIsVisible = 0;
			defaultConfigurationName = Debug;
		};
		D98626946E2D9212CD95DE94 /* Build configuration list for PBXNativeTarget "Tanzaku" */ = {
			isa = XCConfigurationList;
			buildConfigurations = (
				202192A6EB747509840461DC /* Debug */,
				67B41091E3BF9EE831532DC9 /* DebugUnsigned */,
				75BA479019F911A25FA5C157 /* Release */,
			);
			defaultConfigurationIsVisible = 0;
			defaultConfigurationName = Debug;
		};
/* End XCConfigurationList section */

/* Begin XCLocalSwiftPackageReference section */
		7A1000000000000000000071 /* XCLocalSwiftPackageReference "TanzakuKit" */ = {
			isa = XCLocalSwiftPackageReference;
			relativePath = TanzakuKit;
		};
/* End XCLocalSwiftPackageReference section */

/* Begin XCSwiftPackageProductDependency section */
		7A1000000000000000000081 /* TanzakuKit */ = {
			isa = XCSwiftPackageProductDependency;
			productName = TanzakuKit;
		};
		7A1000000000000000000082 /* TanzakuKit */ = {
			isa = XCSwiftPackageProductDependency;
			productName = TanzakuKit;
		};
/* End XCSwiftPackageProductDependency section */
	};
	rootObject = 8F0C9A2A7B5BB151CF4B5CA6 /* Project object */;
}
